// !$*UTF8*$!
{
	archiveVersion = 1;
	classes = {
	};
	objectVersion = 56;
	objects = {

/* Begin PBXBuildFile section */
		7B32EF882A21CD9E002C06B9 /* AniListNativeApp.swift in Sources */ = {isa = PBXBuildFile; fileRef = 7B32EF872A21CD9E002C06B9 /* AniListNativeApp.swift */; };
		7B32EF8A2A21CD9E002C06B9 /* ContentView.swift in Sources */ = {isa = PBXBuildFile; fileRef = 7B32EF892A21CD9E002C06B9 /* ContentView.swift */; };
		7B32EF8C2A21CDA0002C06B9 /* Assets.xcassets in Resources */ = {isa = PBXBuildFile; fileRef = 7B32EF8B2A21CDA0002C06B9 /* Assets.xcassets */; };
		7B32EF902A21CDA0002C06B9 /* Preview Assets.xcassets in Resources */ = {isa = PBXBuildFile; fileRef = 7B32EF8F2A21CDA0002C06B9 /* Preview Assets.xcassets */; };
		7B32EF9A2A21CDA0002C06B9 /* AniListNativeTests.swift in Sources */ = {isa = PBXBuildFile; fileRef = 7B32EF992A21CDA0002C06B9 /* AniListNativeTests.swift */; };
		7B32EFA42A21CDA0002C06B9 /* AniListNativeUITests.swift in Sources */ = {isa = PBXBuildFile; fileRef = 7B32EFA32A21CDA0002C06B9 /* AniListNativeUITests.swift */; };
		7B32EFA62A21CDA0002C06B9 /* AniListNativeUITestsLaunchTests.swift in Sources */ = {isa = PBXBuildFile; fileRef = 7B32EFA52A21CDA0002C06B9 /* AniListNativeUITestsLaunchTests.swift */; };
/* End PBXBuildFile section */

/* Begin PBXContainerItemProxy section */
		7B32EF962A21CDA0002C06B9 /* PBXContainerItemProxy */ = {
			isa = PBXContainerItemProxy;
			containerPortal = 7B32EF7C2A21CD9E002C06B9 /* Project object */;
			proxyType = 1;
			remoteGlobalIDString = 7B32EF832A21CD9E002C06B9;
			remoteInfo = AniListNative;
		};
		7B32EFA02A21CDA0002C06B9 /* PBXContainerItemProxy */ = {
			isa = PBXContainerItemProxy;
			containerPortal = 7B32EF7C2A21CD9E002C06B9 /* Project object */;
			proxyType = 1;
			remoteGlobalIDString = 7B32EF832A21CD9E002C06B9;
			remoteInfo = AniListNative;
		};
/* End PBXContainerItemProxy section */

/* Begin PBXFileReference section */
		7B32EF842A21CD9E002C06B9 /* AniListNative.app */ = {isa = PBXFileReference; explicitFileType = wrapper.application; includeInIndex = 0; path = AniListNative.app; sourceTree = BUILT_PRODUCTS_DIR; };
		7B32EF872A21CD9E002C06B9 /* AniListNativeApp.swift */ = {isa = PBXFileReference; lastKnownFileType = sourcecode.swift; path = AniListNativeApp.swift; sourceTree = "<group>"; };
		7B32EF892A21CD9E002C06B9 /* ContentView.swift */ = {isa = PBXFileReference; lastKnownFileType = sourcecode.swift; path = ContentView.swift; sourceTree = "<group>"; };
		7B32EF8B2A21CDA0002C06B9 /* Assets.xcassets */ = {isa = PBXFileReference; lastKnownFileType = folder.assetcatalog; path = Assets.xcassets; sourceTree = "<group>"; };
		7B32EF8D2A21CDA0002C06B9 /* AniListNative.entitlements */ = {isa = PBXFileReference; lastKnownFileType = text.plist.entitlements; path = AniListNative.entitlements; sourceTree = "<group>"; };
		7B32EF8F2A21CDA0002C06B9 /* Preview Assets.xcassets */ = {isa = PBXFileReference; lastKnownFileType = folder.assetcatalog; path = "Preview Assets.xcassets"; sourceTree = "<group>"; };
		7B32EF952A21CDA0002C06B9 /* AniListNativeTests.xctest */ = {isa = PBXFileReference; explicitFileType = wrapper.cfbundle; includeInIndex = 0; path = AniListNativeTests.xctest; sourceTree = BUILT_PRODUCTS_DIR; };
		7B32EF992A21CDA0002C06B9 /* AniListNativeTests.swift */ = {isa = PBXFileReference; lastKnownFileType = sourcecode.swift; path = AniListNativeTests.swift; sourceTree = "<group>"; };
		7B32EF9F2A21CDA0002C06B9 /* AniListNativeUITests.xctest */ = {isa = PBXFileReference; explicitFileType = wrapper.cfbundle; includeInIndex = 0; path = AniListNativeUITests.xctest; sourceTree = BUILT_PRODUCTS_DIR; };
		7B32EFA32A21CDA0002C06B9 /* AniListNativeUITests.swift */ = {isa = PBXFileReference; lastKnownFileType = sourcecode.swift; path = AniListNativeUITests.swift; sourceTree = "<group>"; };
		7B32EFA52A21CDA0002C06B9 /* AniListNativeUITestsLaunchTests.swift */ = {isa = PBXFileReference; lastKnownFileType = sourcecode.swift; path = AniListNativeUITestsLaunchTests.swift; sourceTree = "<group>"; };
/* End PBXFileReference section */

/* Begin PBXFrameworksBuildPhase section */
		7B32EF812A21CD9E002C06B9 /* Frameworks */ = {
			isa = PBXFrameworksBuildPhase;
			buildActionMask = 2147483647;
			files = (
			);
			runOnlyForDeploymentPostprocessing = 0;
		};
		7B32EF922A21CDA0002C06B9 /* Frameworks */ = {
			isa = PBXFrameworksBuildPhase;
			buildActionMask = 2147483647;
			files = (
			);
			runOnlyForDeploymentPostprocessing = 0;
		};
		7B32EF9C2A21CDA0002C06B9 /* Frameworks */ = {
			isa = PBXFrameworksBuildPhase;
			buildActionMask = 2147483647;
			files = (
			);
			runOnlyForDeploymentPostprocessing = 0;
		};
/* End PBXFrameworksBuildPhase section */

/* Begin PBXGroup section */
		7B32EF7B2A21CD9E002C06B9 = {
			isa = PBXGroup;
			children = (
				7B32EF862A21CD9E002C06B9 /* AniListNative */,
				7B32EF982A21CDA0002C06B9 /* AniListNativeTests */,
				7B32EFA22A21CDA0002C06B9 /* AniListNativeUITests */,
				7B32EF852A21CD9E002C06B9 /* Products */,
			);
			sourceTree = "<group>";
		};
		7B32EF852A21CD9E002C06B9 /* Products */ = {
			isa = PBXGroup;
			children = (
				7B32EF842A21CD9E002C06B9 /* AniListNative.app */,
				7B32EF952A21CDA0002C06B9 /* AniListNativeTests.xctest */,
				7B32EF9F2A21CDA0002C06B9 /* AniListNativeUITests.xctest */,
			);
			name = Products;
			sourceTree = "<group>";
		};
		7B32EF862A21CD9E002C06B9 /* AniListNative */ = {
			isa = PBXGroup;
			children = (
				7B32EF872A21CD9E002C06B9 /* AniListNativeApp.swift */,
				7B32EF892A21CD9E002C06B9 /* ContentView.swift */,
				7B32EF8B2A21CDA0002C06B9 /* Assets.xcassets */,
				7B32EF8D2A21CDA0002C06B9 /* AniListNative.entitlements */,
				7B32EF8E2A21CDA0002C06B9 /* Preview Content */,
			);
			path = AniListNative;
			sourceTree = "<group>";
		};
		7B32EF8E2A21CDA0002C06B9 /* Preview Content */ = {
			isa = PBXGroup;
			children = (
				7B32EF8F2A21CDA0002C06B9 /* Preview Assets.xcassets */,
			);
			path = "Preview Content";
			sourceTree = "<group>";
		};
		7B32EF982A21CDA0002C06B9 /* AniListNativeTests */ = {
			isa = PBXGroup;
			children = (
				7B32EF992A21CDA0002C06B9 /* AniListNativeTests.swift */,
			);
			path = AniListNativeTests;
			sourceTree = "<group>";
		};
		7B32EFA22A21CDA0002C06B9 /* AniListNativeUITests */ = {
			isa = PBXGroup;
			children = (
				7B32EFA32A21CDA0002C06B9 /* AniListNativeUITests.swift */,
				7B32EFA52A21CDA0002C06B9 /* AniListNativeUITestsLaunchTests.swift */,
			);
			path = AniListNativeUITests;
			sourceTree = "<group>";
		};
/* End PBXGroup section */

/* Begin PBXNativeTarget section */
		7B32EF832A21CD9E002C06B9 /* AniListNative */ = {
			isa = PBXNativeTarget;
			buildConfigurationList = 7B32EFA92A21CDA0002C06B9 /* Build configuration list for PBXNativeTarget "AniListNative" */;
			buildPhases = (
				7B32EF802A21CD9E002C06B9 /* Sources */,
				7B32EF812A21CD9E002C06B9 /* Frameworks */,
				7B32EF822A21CD9E002C06B9 /* Resources */,
			);
			buildRules = (
			);
			dependencies = (
			);
			name = AniListNative;
			productName = AniListNative;
			productReference = 7B32EF842A21CD9E002C06B9 /* AniListNative.app */;
			productType = "com.apple.product-type.application";
		};
		7B32EF942A21CDA0002C06B9 /* AniListNativeTests */ = {
			isa = PBXNativeTarget;
			buildConfigurationList = 7B32EFAC2A21CDA0002C06B9 /* Build configuration list for PBXNativeTarget "AniListNativeTests" */;
			buildPhases = (
				7B32EF912A21CDA0002C06B9 /* Sources */,
				7B32EF922A21CDA0002C06B9 /* Frameworks */,
				7B32EF932A21CDA0002C06B9 /* Resources */,
			);
			buildRules = (
			);
			dependencies = (
				7B32EF972A21CDA0002C06B9 /* PBXTargetDependency */,
			);
			name = AniListNativeTests;
			productName = AniListNativeTests;
			productReference = 7B32EF952A21CDA0002C06B9 /* AniListNativeTests.xctest */;
			productType = "com.apple.product-type.bundle.unit-test";
		};
		7B32EF9E2A21CDA0002C06B9 /* AniListNativeUITests */ = {
			isa = PBXNativeTarget;
			buildConfigurationList = 7B32EFAF2A21CDA0002C06B9 /* Build configuration list for PBXNativeTarget "AniListNativeUITests" */;
			buildPhases = (
				7B32EF9B2A21CDA0002C06B9 /* Sources */,
				7B32EF9C2A21CDA0002C06B9 /* Frameworks */,
				7B32EF9D2A21CDA0002C06B9 /* Resources */,
			);
			buildRules = (
			);
			dependencies = (
				7B32EFA12A21CDA0002C06B9 /* PBXTargetDependency */,
			);
			name = AniListNativeUITests;
			productName = AniListNativeUITests;
			productReference = 7B32EF9F2A21CDA0002C06B9 /* AniListNativeUITests.xctest */;
			productType = "com.apple.product-type.bundle.ui-testing";
		};
/* End PBXNativeTarget section */

/* Begin PBXProject section */
		7B32EF7C2A21CD9E002C06B9 /* Project object */ = {
			isa = PBXProject;
			attributes = {
				BuildIndependentTargetsInParallel = 1;
				LastSwiftUpdateCheck = 1420;
				LastUpgradeCheck = 1420;
				TargetAttributes = {
					7B32EF832A21CD9E002C06B9 = {
						CreatedOnToolsVersion = 14.2;
					};
					7B32EF942A21CDA0002C06B9 = {
						CreatedOnToolsVersion = 14.2;
						TestTargetID = 7B32EF832A21CD9E002C06B9;
					};
					7B32EF9E2A21CDA0002C06B9 = {
						CreatedOnToolsVersion = 14.2;
						TestTargetID = 7B32EF832A21CD9E002C06B9;
					};
				};
			};
			buildConfigurationList = 7B32EF7F2A21CD9E002C06B9 /* Build configuration list for PBXProject "AniListNative" */;
			compatibilityVersion = "Xcode 14.0";
			developmentRegion = en;
			hasScannedForEncodings = 0;
			knownRegions = (
				en,
				Base,
			);
			mainGroup = 7B32EF7B2A21CD9E002C06B9;
			productRefGroup = 7B32EF852A21CD9E002C06B9 /* Products */;
			projectDirPath = "";
			projectRoot = "";
			targets = (
				7B32EF832A21CD9E002C06B9 /* AniListNative */,
				7B32EF942A21CDA0002C06B9 /* AniListNativeTests */,
				7B32EF9E2A21CDA0002C06B9 /* AniListNativeUITests */,
			);
		};
/* End PBXProject section */

/* Begin PBXResourcesBuildPhase section */
		7B32EF822A21CD9E002C06B9 /* Resources */ = {
			isa = PBXResourcesBuildPhase;
			buildActionMask = 2147483647;
			files = (
				7B32EF902A21CDA0002C06B9 /* Preview Assets.xcassets in Resources */,
				7B32EF8C2A21CDA0002C06B9 /* Assets.xcassets in Resources */,
			);
			runOnlyForDeploymentPostprocessing = 0;
		};
		7B32EF932A21CDA0002C06B9 /* Resources */ = {
			isa = PBXResourcesBuildPhase;
			buildActionMask = 2147483647;
			files = (
			);
			runOnlyForDeploymentPostprocessing = 0;
		};
		7B32EF9D2A21CDA0002C06B9 /* Resources */ = {
			isa = PBXResourcesBuildPhase;
			buildActionMask = 2147483647;
			files = (
			);
			runOnlyForDeploymentPostprocessing = 0;
		};
/* End PBXResourcesBuildPhase section */

/* Begin PBXSourcesBuildPhase section */
		7B32EF802A21CD9E002C06B9 /* Sources */ = {
			isa = PBXSourcesBuildPhase;
			buildActionMask = 2147483647;
			files = (
				7B32EF8A2A21CD9E002C06B9 /* ContentView.swift in Sources */,
				7B32EF882A21CD9E002C06B9 /* AniListNativeApp.swift in Sources */,
			);
			runOnlyForDeploymentPostprocessing = 0;
		};
		7B32EF912A21CDA0002C06B9 /* Sources */ = {
			isa = PBXSourcesBuildPhase;
			buildActionMask = 2147483647;
			files = (
				7B32EF9A2A21CDA0002C06B9 /* AniListNativeTests.swift in Sources */,
			);
			runOnlyForDeploymentPostprocessing = 0;
		};
		7B32EF9B2A21CDA0002C06B9 /* Sources */ = {
			isa = PBXSourcesBuildPhase;
			buildActionMask = 2147483647;
			files = (
				7B32EFA62A21CDA0002C06B9 /* AniListNativeUITestsLaunchTests.swift in Sources */,
				7B32EFA42A21CDA0002C06B9 /* AniListNativeUITests.swift in Sources */,
			);
			runOnlyForDeploymentPostprocessing = 0;
		};
/* End PBXSourcesBuildPhase section */

/* Begin PBXTargetDependency section */
		7B32EF972A21CDA0002C06B9 /* PBXTargetDependency */ = {
			isa = PBXTargetDependency;
			target = 7B32EF832A21CD9E002C06B9 /* AniListNative */;
			targetProxy = 7B32EF962A21CDA0002C06B9 /* PBXContainerItemProxy */;
		};
		7B32EFA12A21CDA0002C06B9 /* PBXTargetDependency */ = {
			isa = PBXTargetDependency;
			target = 7B32EF832A21CD9E002C06B9 /* AniListNative */;
			targetProxy = 7B32EFA02A21CDA0002C06B9 /* PBXContainerItemProxy */;
		};
/* End PBXTargetDependency section */

/* Begin XCBuildConfiguration section */
		7B32EFA72A21CDA0002C06B9 /* Debug */ = {
			isa = XCBuildConfiguration;
			buildSettings = {
				ALWAYS_SEARCH_USER_PATHS = NO;
				CLANG_ANALYZER_NONNULL = YES;
				CLANG_ANALYZER_NUMBER_OBJECT_CONVERSION = YES_AGGRESSIVE;
				CLANG_CXX_LANGUAGE_STANDARD = "gnu++20";
				CLANG_ENABLE_MODULES = YES;
				CLANG_ENABLE_OBJC_ARC = YES;
				CLANG_ENABLE_OBJC_WEAK = YES;
				CLANG_WARN_BLOCK_CAPTURE_AUTORELEASING = YES;
				CLANG_WARN_BOOL_CONVERSION = YES;
				CLANG_WARN_COMMA = YES;
				CLANG_WARN_CONSTANT_CONVERSION = YES;
				CLANG_WARN_DEPRECATED_OBJC_IMPLEMENTATIONS = YES;
				CLANG_WARN_DIRECT_OBJC_ISA_USAGE = YES_ERROR;
				CLANG_WARN_DOCUMENTATION_COMMENTS = YES;
				CLANG_WARN_EMPTY_BODY = YES;
				CLANG_WARN_ENUM_CONVERSION = YES;
				CLANG_WARN_INFINITE_RECURSION = YES;
				CLANG_WARN_INT_CONVERSION = YES;
				CLANG_WARN_NON_LITERAL_NULL_CONVERSION = YES;
				CLANG_WARN_OBJC_IMPLICIT_RETAIN_SELF = YES;
				CLANG_WARN_OBJC_LITERAL_CONVERSION = YES;
				CLANG_WARN_OBJC_ROOT_CLASS = YES_ERROR;
				CLANG_WARN_QUOTED_INCLUDE_IN_FRAMEWORK_HEADER = YES;
				CLANG_WARN_RANGE_LOOP_ANALYSIS = YES;
				CLANG_WARN_STRICT_PROTOTYPES = YES;
				CLANG_WARN_SUSPICIOUS_MOVE = YES;
				CLANG_WARN_UNGUARDED_AVAILABILITY = YES_AGGRESSIVE;
				CLANG_WARN_UNREACHABLE_CODE = YES;
				CLANG_WARN__DUPLICATE_METHOD_MATCH = YES;
				COPY_PHASE_STRIP = NO;
				DEBUG_INFORMATION_FORMAT = dwarf;
				ENABLE_STRICT_OBJC_MSGSEND = YES;
				ENABLE_TESTABILITY = YES;
				GCC_C_LANGUAGE_STANDARD = gnu11;
				GCC_DYNAMIC_NO_PIC = NO;
				GCC_NO_COMMON_BLOCKS = YES;
				GCC_OPTIMIZATION_LEVEL = 0;
				GCC_PREPROCESSOR_DEFINITIONS = (
					"DEBUG=1",
					"$(inherited)",
				);
				GCC_WARN_64_TO_32_BIT_CONVERSION = YES;
				GCC_WARN_ABOUT_RETURN_TYPE = YES_ERROR;
				GCC_WARN_UNDECLARED_SELECTOR = YES;
				GCC_WARN_UNINITIALIZED_AUTOS = YES_AGGRESSIVE;
				GCC_WARN_UNUSED_FUNCTION = YES;
				GCC_WARN_UNUSED_VARIABLE = YES;
				MTL_ENABLE_DEBUG_INFO = INCLUDE_SOURCE;
				MTL_FAST_MATH = YES;
				ONLY_ACTIVE_ARCH = YES;
				SWIFT_ACTIVE_COMPILATION_CONDITIONS = DEBUG;
				SWIFT_OPTIMIZATION_LEVEL = "-Onone";
			};
			name = Debug;
		};
		7B32EFA82A21CDA0002C06B9 /* Release */ = {
			isa = XCBuildConfiguration;
			buildSettings = {
				ALWAYS_SEARCH_USER_PATHS = NO;
				CLANG_ANALYZER_NONNULL = YES;
				CLANG_ANALYZER_NUMBER_OBJECT_CONVERSION = YES_AGGRESSIVE;
				CLANG_CXX_LANGUAGE_STANDARD = "gnu++20";
				CLANG_ENABLE_MODULES = YES;
				CLANG_ENABLE_OBJC_ARC = YES;
				CLANG_ENABLE_OBJC_WEAK = YES;
				CLANG_WARN_BLOCK_CAPTURE_AUTORELEASING = YES;
				CLANG_WARN_BOOL_CONVERSION = YES;
				CLANG_WARN_COMMA = YES;
				CLANG_WARN_CONSTANT_CONVERSION = YES;
				CLANG_WARN_DEPRECATED_OBJC_IMPLEMENTATIONS = YES;
				CLANG_WARN_DIRECT_OBJC_ISA_USAGE = YES_ERROR;
				CLANG_WARN_DOCUMENTATION_COMMENTS = YES;
				CLANG_WARN_EMPTY_BODY = YES;
				CLANG_WARN_ENUM_CONVERSION = YES;
				CLANG_WARN_INFINITE_RECURSION = YES;
				CLANG_WARN_INT_CONVERSION = YES;
				CLANG_WARN_NON_LITERAL_NULL_CONVERSION = YES;
				CLANG_WARN_OBJC_IMPLICIT_RETAIN_SELF = YES;
				CLANG_WARN_OBJC_LITERAL_CONVERSION = YES;
				CLANG_WARN_OBJC_ROOT_CLASS = YES_ERROR;
				CLANG_WARN_QUOTED_INCLUDE_IN_FRAMEWORK_HEADER = YES;
				CLANG_WARN_RANGE_LOOP_ANALYSIS = YES;
				CLANG_WARN_STRICT_PROTOTYPES = YES;
				CLANG_WARN_SUSPICIOUS_MOVE = YES;
				CLANG_WARN_UNGUARDED_AVAILABILITY = YES_AGGRESSIVE;
				CLANG_WARN_UNREACHABLE_CODE = YES;
				CLANG_WARN__DUPLICATE_METHOD_MATCH = YES;
				COPY_PHASE_STRIP = NO;
				DEBUG_INFORMATION_FORMAT = "dwarf-with-dsym";
				ENABLE_NS_ASSERTIONS = NO;
				ENABLE_STRICT_OBJC_MSGSEND = YES;
				GCC_C_LANGUAGE_STANDARD = gnu11;
				GCC_NO_COMMON_BLOCKS = YES;
				GCC_WARN_64_TO_32_BIT_CONVERSION = YES;
				GCC_WARN_ABOUT_RETURN_TYPE = YES_ERROR;
				GCC_WARN_UNDECLARED_SELECTOR = YES;
				GCC_WARN_UNINITIALIZED_AUTOS = YES_AGGRESSIVE;
				GCC_WARN_UNUSED_FUNCTION = YES;
				GCC_WARN_UNUSED_VARIABLE = YES;
				MTL_ENABLE_DEBUG_INFO = NO;
				MTL_FAST_MATH = YES;
				SWIFT_COMPILATION_MODE = wholemodule;
				SWIFT_OPTIMIZATION_LEVEL = "-O";
			};
			name = Release;
		};
		7B32EFAA2A21CDA0002C06B9 /* Debug */ = {
			isa = XCBuildConfiguration;
			buildSettings = {
				ASSETCATALOG_COMPILER_APPICON_NAME = AppIcon;
				ASSETCATALOG_COMPILER_GLOBAL_ACCENT_COLOR_NAME = AccentColor;
				CODE_SIGN_ENTITLEMENTS = AniListNative/AniListNative.entitlements;
				CODE_SIGN_STYLE = Automatic;
				CURRENT_PROJECT_VERSION = 1;
				DEVELOPMENT_ASSET_PATHS = "\"AniListNative/Preview Content\"";
				ENABLE_PREVIEWS = YES;
				GENERATE_INFOPLIST_FILE = YES;
				"INFOPLIST_KEY_UIApplicationSceneManifest_Generation[sdk=iphoneos*]" = YES;
				"INFOPLIST_KEY_UIApplicationSceneManifest_Generation[sdk=iphonesimulator*]" = YES;
				"INFOPLIST_KEY_UIApplicationSupportsIndirectInputEvents[sdk=iphoneos*]" = YES;
				"INFOPLIST_KEY_UIApplicationSupportsIndirectInputEvents[sdk=iphonesimulator*]" = YES;
				"INFOPLIST_KEY_UILaunchScreen_Generation[sdk=iphoneos*]" = YES;
				"INFOPLIST_KEY_UILaunchScreen_Generation[sdk=iphonesimulator*]" = YES;
				"INFOPLIST_KEY_UIStatusBarStyle[sdk=iphoneos*]" = UIStatusBarStyleDefault;
				"INFOPLIST_KEY_UIStatusBarStyle[sdk=iphonesimulator*]" = UIStatusBarStyleDefault;
				INFOPLIST_KEY_UISupportedInterfaceOrientations_iPad = "UIInterfaceOrientationPortrait UIInterfaceOrientationPortraitUpsideDown UIInterfaceOrientationLandscapeLeft UIInterfaceOrientationLandscapeRight";
				INFOPLIST_KEY_UISupportedInterfaceOrientations_iPhone = "UIInterfaceOrientationPortrait UIInterfaceOrientationLandscapeLeft UIInterfaceOrientationLandscapeRight";
				IPHONEOS_DEPLOYMENT_TARGET = 16.2;
				LD_RUNPATH_SEARCH_PATHS = "@executable_path/Frameworks";
				"LD_RUNPATH_SEARCH_PATHS[sdk=macosx*]" = "@executable_path/../Frameworks";
				MACOSX_DEPLOYMENT_TARGET = 13.1;
				MARKETING_VERSION = 1.0;
				PRODUCT_BUNDLE_IDENTIFIER = joelsifres.AniListNative;
				PRODUCT_NAME = "$(TARGET_NAME)";
				SDKROOT = auto;
				SUPPORTED_PLATFORMS = "iphoneos iphonesimulator macosx";
				SWIFT_EMIT_LOC_STRINGS = YES;
				SWIFT_VERSION = 5.0;
				TARGETED_DEVICE_FAMILY = "1,2";
			};
			name = Debug;
		};
		7B32EFAB2A21CDA0002C06B9 /* Release */ = {
			isa = XCBuildConfiguration;
			buildSettings = {
				ASSETCATALOG_COMPILER_APPICON_NAME = AppIcon;
				ASSETCATALOG_COMPILER_GLOBAL_ACCENT_COLOR_NAME = AccentColor;
				CODE_SIGN_ENTITLEMENTS = AniListNative/AniListNative.entitlements;
				CODE_SIGN_STYLE = Automatic;
				CURRENT_PROJECT_VERSION = 1;
				DEVELOPMENT_ASSET_PATHS = "\"AniListNative/Preview Content\"";
				ENABLE_PREVIEWS = YES;
				GENERATE_INFOPLIST_FILE = YES;
				"INFOPLIST_KEY_UIApplicationSceneManifest_Generation[sdk=iphoneos*]" = YES;
				"INFOPLIST_KEY_UIApplicationSceneManifest_Generation[sdk=iphonesimulator*]" = YES;
				"INFOPLIST_KEY_UIApplicationSupportsIndirectInputEvents[sdk=iphoneos*]" = YES;
				"INFOPLIST_KEY_UIApplicationSupportsIndirectInputEvents[sdk=iphonesimulator*]" = YES;
				"INFOPLIST_KEY_UILaunchScreen_Generation[sdk=iphoneos*]" = YES;
				"INFOPLIST_KEY_UILaunchScreen_Generation[sdk=iphonesimulator*]" = YES;
				"INFOPLIST_KEY_UIStatusBarStyle[sdk=iphoneos*]" = UIStatusBarStyleDefault;
				"INFOPLIST_KEY_UIStatusBarStyle[sdk=iphonesimulator*]" = UIStatusBarStyleDefault;
				INFOPLIST_KEY_UISupportedInterfaceOrientations_iPad = "UIInterfaceOrientationPortrait UIInterfaceOrientationPortraitUpsideDown UIInterfaceOrientationLandscapeLeft UIInterfaceOrientationLandscapeRight";
				INFOPLIST_KEY_UISupportedInterfaceOrientations_iPhone = "UIInterfaceOrientationPortrait UIInterfaceOrientationLandscapeLeft UIInterfaceOrientationLandscapeRight";
				IPHONEOS_DEPLOYMENT_TARGET = 16.2;
				LD_RUNPATH_SEARCH_PATHS = "@executable_path/Frameworks";
				"LD_RUNPATH_SEARCH_PATHS[sdk=macosx*]" = "@executable_path/../Frameworks";
				MACOSX_DEPLOYMENT_TARGET = 13.1;
				MARKETING_VERSION = 1.0;
				PRODUCT_BUNDLE_IDENTIFIER = joelsifres.AniListNative;
				PRODUCT_NAME = "$(TARGET_NAME)";
				SDKROOT = auto;
				SUPPORTED_PLATFORMS = "iphoneos iphonesimulator macosx";
				SWIFT_EMIT_LOC_STRINGS = YES;
				SWIFT_VERSION = 5.0;
				TARGETED_DEVICE_FAMILY = "1,2";
			};
			name = Release;
		};
		7B32EFAD2A21CDA0002C06B9 /* Debug */ = {
			isa = XCBuildConfiguration;
			buildSettings = {
				ALWAYS_EMBED_SWIFT_STANDARD_LIBRARIES = YES;
				BUNDLE_LOADER = "$(TEST_HOST)";
				CODE_SIGN_STYLE = Automatic;
				CURRENT_PROJECT_VERSION = 1;
				GENERATE_INFOPLIST_FILE = YES;
				IPHONEOS_DEPLOYMENT_TARGET = 16.2;
				MACOSX_DEPLOYMENT_TARGET = 13.1;
				MARKETING_VERSION = 1.0;
				PRODUCT_BUNDLE_IDENTIFIER = joelsifres.AniListNativeTests;
				PRODUCT_NAME = "$(TARGET_NAME)";
				SDKROOT = auto;
				SUPPORTED_PLATFORMS = "iphoneos iphonesimulator macosx";
				SWIFT_EMIT_LOC_STRINGS = NO;
				SWIFT_VERSION = 5.0;
				TARGETED_DEVICE_FAMILY = "1,2";
				TEST_HOST = "$(BUILT_PRODUCTS_DIR)/AniListNative.app/$(BUNDLE_EXECUTABLE_FOLDER_PATH)/AniListNative";
			};
			name = Debug;
		};
		7B32EFAE2A21CDA0002C06B9 /* Release */ = {
			isa = XCBuildConfiguration;
			buildSettings = {
				ALWAYS_EMBED_SWIFT_STANDARD_LIBRARIES = YES;
				BUNDLE_LOADER = "$(TEST_HOST)";
				CODE_SIGN_STYLE = Automatic;
				CURRENT_PROJECT_VERSION = 1;
				GENERATE_INFOPLIST_FILE = YES;
				IPHONEOS_DEPLOYMENT_TARGET = 16.2;
				MACOSX_DEPLOYMENT_TARGET = 13.1;
				MARKETING_VERSION = 1.0;
				PRODUCT_BUNDLE_IDENTIFIER = joelsifres.AniListNativeTests;
				PRODUCT_NAME = "$(TARGET_NAME)";
				SDKROOT = auto;
				SUPPORTED_PLATFORMS = "iphoneos iphonesimulator macosx";
				SWIFT_EMIT_LOC_STRINGS = NO;
				SWIFT_VERSION = 5.0;
				TARGETED_DEVICE_FAMILY = "1,2";
				TEST_HOST = "$(BUILT_PRODUCTS_DIR)/AniListNative.app/$(BUNDLE_EXECUTABLE_FOLDER_PATH)/AniListNative";
			};
			name = Release;
		};
		7B32EFB02A21CDA0002C06B9 /* Debug */ = {
			isa = XCBuildConfiguration;
			buildSettings = {
				ALWAYS_EMBED_SWIFT_STANDARD_LIBRARIES = YES;
				CODE_SIGN_STYLE = Automatic;
				CURRENT_PROJECT_VERSION = 1;
				GENERATE_INFOPLIST_FILE = YES;
				IPHONEOS_DEPLOYMENT_TARGET = 16.2;
				MACOSX_DEPLOYMENT_TARGET = 13.1;
				MARKETING_VERSION = 1.0;
				PRODUCT_BUNDLE_IDENTIFIER = joelsifres.AniListNativeUITests;
				PRODUCT_NAME = "$(TARGET_NAME)";
				SDKROOT = auto;
				SUPPORTED_PLATFORMS = "iphoneos iphonesimulator macosx";
				SWIFT_EMIT_LOC_STRINGS = NO;
				SWIFT_VERSION = 5.0;
				TARGETED_DEVICE_FAMILY = "1,2";
				TEST_TARGET_NAME = AniListNative;
			};
			name = Debug;
		};
		7B32EFB12A21CDA0002C06B9 /* Release */ = {
			isa = XCBuildConfiguration;
			buildSettings = {
				ALWAYS_EMBED_SWIFT_STANDARD_LIBRARIES = YES;
				CODE_SIGN_STYLE = Automatic;
				CURRENT_PROJECT_VERSION = 1;
				GENERATE_INFOPLIST_FILE = YES;
				IPHONEOS_DEPLOYMENT_TARGET = 16.2;
				MACOSX_DEPLOYMENT_TARGET = 13.1;
				MARKETING_VERSION = 1.0;
				PRODUCT_BUNDLE_IDENTIFIER = joelsifres.AniListNativeUITests;
				PRODUCT_NAME = "$(TARGET_NAME)";
				SDKROOT = auto;
				SUPPORTED_PLATFORMS = "iphoneos iphonesimulator macosx";
				SWIFT_EMIT_LOC_STRINGS = NO;
				SWIFT_VERSION = 5.0;
				TARGETED_DEVICE_FAMILY = "1,2";
				TEST_TARGET_NAME = AniListNative;
			};
			name = Release;
		};
/* End XCBuildConfiguration section */

/* Begin XCConfigurationList section */
		7B32EF7F2A21CD9E002C06B9 /* Build configuration list for PBXProject "AniListNative" */ = {
			isa = XCConfigurationList;
			buildConfigurations = (
				7B32EFA72A21CDA0002C06B9 /* Debug */,
				7B32EFA82A21CDA0002C06B9 /* Release */,
			);
			defaultConfigurationIsVisible = 0;
			defaultConfigurationName = Release;
		};
		7B32EFA92A21CDA0002C06B9 /* Build configuration list for PBXNativeTarget "AniListNative" */ = {
			isa = XCConfigurationList;
			buildConfigurations = (
				7B32EFAA2A21CDA0002C06B9 /* Debug */,
				7B32EFAB2A21CDA0002C06B9 /* Release */,
			);
			defaultConfigurationIsVisible = 0;
			defaultConfigurationName = Release;
		};
		7B32EFAC2A21CDA0002C06B9 /* Build configuration list for PBXNativeTarget "AniListNativeTests" */ = {
			isa = XCConfigurationList;
			buildConfigurations = (
				7B32EFAD2A21CDA0002C06B9 /* Debug */,
				7B32EFAE2A21CDA0002C06B9 /* Release */,
			);
			defaultConfigurationIsVisible = 0;
			defaultConfigurationName = Release;
		};
		7B32EFAF2A21CDA0002C06B9 /* Build configuration list for PBXNativeTarget "AniListNativeUITests" */ = {
			isa = XCConfigurationList;
			buildConfigurations = (
				7B32EFB02A21CDA0002C06B9 /* Debug */,
				7B32EFB12A21CDA0002C06B9 /* Release */,
			);
			defaultConfigurationIsVisible = 0;
			defaultConfigurationName = Release;
		};
/* End XCConfigurationList section */
	};
	rootObject = 7B32EF7C2A21CD9E002C06B9 /* Project object */;
}
