// !$*UTF8*$!
{
	archiveVersion = 1;
	classes = {
	};
	objectVersion = 56;
	objects = {

/* Begin PBXBuildFile section */
		CC49F33A2A3B7CDE00EC065A /* MediaListView.swift in Sources */ = {isa = PBXBuildFile; fileRef = CC49F3392A3B7CDE00EC065A /* MediaListView.swift */; };
		CC49F33C2A3B7D0F00EC065A /* MediaListViewModel.swift in Sources */ = {isa = PBXBuildFile; fileRef = CC49F33B2A3B7D0F00EC065A /* MediaListViewModel.swift */; };
		CC49F33E2A3B7D6200EC065A /* MediaListItemModel.swift in Sources */ = {isa = PBXBuildFile; fileRef = CC49F33D2A3B7D6200EC065A /* MediaListItemModel.swift */; };
		CC49F3402A3B7D8800EC065A /* MediaRowView.swift in Sources */ = {isa = PBXBuildFile; fileRef = CC49F33F2A3B7D8800EC065A /* MediaRowView.swift */; };
		CC49F3432A3CDE9D00EC065A /* MediaDetailView.swift in Sources */ = {isa = PBXBuildFile; fileRef = CC49F3422A3CDE9D00EC065A /* MediaDetailView.swift */; };
		CC49F3452A3CDEF400EC065A /* MediaDetailViewModel.swift in Sources */ = {isa = PBXBuildFile; fileRef = CC49F3442A3CDEF400EC065A /* MediaDetailViewModel.swift */; };
		CC49F3472A3CE13F00EC065A /* MediaItemModel.swift in Sources */ = {isa = PBXBuildFile; fileRef = CC49F3462A3CE13F00EC065A /* MediaItemModel.swift */; };
		CC5E8CDD2A3E28C600F97F71 /* OffsettableScrollView.swift in Sources */ = {isa = PBXBuildFile; fileRef = CC5E8CDC2A3E28C600F97F71 /* OffsettableScrollView.swift */; };
		CC5E8CDF2A3E2DF700F97F71 /* View+ReadSize.swift in Sources */ = {isa = PBXBuildFile; fileRef = CC5E8CDE2A3E2DF700F97F71 /* View+ReadSize.swift */; };
		CC5E8CE12A3EEF9000F97F71 /* View+PreviewBackground.swift in Sources */ = {isa = PBXBuildFile; fileRef = CC5E8CE02A3EEF9000F97F71 /* View+PreviewBackground.swift */; };
		CC5E8CE32A3EEFFE00F97F71 /* UINavigationController+SwipeGesture.swift in Sources */ = {isa = PBXBuildFile; fileRef = CC5E8CE22A3EEFFE00F97F71 /* UINavigationController+SwipeGesture.swift */; };
		CC5E8CE52A3F0EB200F97F71 /* MediaCardView.swift in Sources */ = {isa = PBXBuildFile; fileRef = CC5E8CE42A3F0EB200F97F71 /* MediaCardView.swift */; };
		CC5E8CE72A3F0EDB00F97F71 /* ReviewCondensedView.swift in Sources */ = {isa = PBXBuildFile; fileRef = CC5E8CE62A3F0EDB00F97F71 /* ReviewCondensedView.swift */; };
		CC5E8CEB2A3F0F6100F97F71 /* ReviewListView.swift in Sources */ = {isa = PBXBuildFile; fileRef = CC5E8CEA2A3F0F6100F97F71 /* ReviewListView.swift */; };
		CC5E8CED2A3F11AA00F97F71 /* ReviewDetailView.swift in Sources */ = {isa = PBXBuildFile; fileRef = CC5E8CEC2A3F11AA00F97F71 /* ReviewDetailView.swift */; };
		CC5E8CEF2A3F797700F97F71 /* Color+UIColor.swift in Sources */ = {isa = PBXBuildFile; fileRef = CC5E8CEE2A3F797700F97F71 /* Color+UIColor.swift */; };
		CC5E8CF22A40CC5100F97F71 /* RatingStarView.swift in Sources */ = {isa = PBXBuildFile; fileRef = CC5E8CF12A40CC5100F97F71 /* RatingStarView.swift */; };
		CC5E8CF42A40CEA200F97F71 /* RatingSmileyView.swift in Sources */ = {isa = PBXBuildFile; fileRef = CC5E8CF32A40CEA200F97F71 /* RatingSmileyView.swift */; };
		CCC34DBE2A3B75E800109341 /* AniiChanApp.swift in Sources */ = {isa = PBXBuildFile; fileRef = CCC34DBD2A3B75E800109341 /* AniiChanApp.swift */; };
		CCC34DC02A3B75E800109341 /* ContentView.swift in Sources */ = {isa = PBXBuildFile; fileRef = CCC34DBF2A3B75E800109341 /* ContentView.swift */; };
		CCC34DC22A3B75E900109341 /* Assets.xcassets in Resources */ = {isa = PBXBuildFile; fileRef = CCC34DC12A3B75E900109341 /* Assets.xcassets */; };
		CCC34DC62A3B75E900109341 /* Preview Assets.xcassets in Resources */ = {isa = PBXBuildFile; fileRef = CCC34DC52A3B75E900109341 /* Preview Assets.xcassets */; };
		CCC34DD02A3B75E900109341 /* AniiChanTests.swift in Sources */ = {isa = PBXBuildFile; fileRef = CCC34DCF2A3B75E900109341 /* AniiChanTests.swift */; };
		CCC34DDA2A3B75E900109341 /* AniiChanUITests.swift in Sources */ = {isa = PBXBuildFile; fileRef = CCC34DD92A3B75E900109341 /* AniiChanUITests.swift */; };
		CCC34DDC2A3B75E900109341 /* AniiChanUITestsLaunchTests.swift in Sources */ = {isa = PBXBuildFile; fileRef = CCC34DDB2A3B75E900109341 /* AniiChanUITestsLaunchTests.swift */; };
		CCD40F7A2A458F7800D24E65 /* ListEditorView.swift in Sources */ = {isa = PBXBuildFile; fileRef = CCD40F792A458F7800D24E65 /* ListEditorView.swift */; };
		CCD40F7C2A45916400D24E65 /* MediaStateView.swift in Sources */ = {isa = PBXBuildFile; fileRef = CCD40F7B2A45916400D24E65 /* MediaStateView.swift */; };
		CCD40F7E2A45927000D24E65 /* MediaProgressView.swift in Sources */ = {isa = PBXBuildFile; fileRef = CCD40F7D2A45927000D24E65 /* MediaProgressView.swift */; };
		CCD40F812A45984600D24E65 /* YouTubePlayerKit in Frameworks */ = {isa = PBXBuildFile; productRef = CCD40F802A45984600D24E65 /* YouTubePlayerKit */; };
/* End PBXBuildFile section */

/* Begin PBXContainerItemProxy section */
		CCC34DCC2A3B75E900109341 /* PBXContainerItemProxy */ = {
			isa = PBXContainerItemProxy;
			containerPortal = CCC34DB22A3B75E800109341 /* Project object */;
			proxyType = 1;
			remoteGlobalIDString = CCC34DB92A3B75E800109341;
			remoteInfo = AniiChan;
		};
		CCC34DD62A3B75E900109341 /* PBXContainerItemProxy */ = {
			isa = PBXContainerItemProxy;
			containerPortal = CCC34DB22A3B75E800109341 /* Project object */;
			proxyType = 1;
			remoteGlobalIDString = CCC34DB92A3B75E800109341;
			remoteInfo = AniiChan;
		};
/* End PBXContainerItemProxy section */

/* Begin PBXFileReference section */
		CC49F3392A3B7CDE00EC065A /* MediaListView.swift */ = {isa = PBXFileReference; lastKnownFileType = sourcecode.swift; path = MediaListView.swift; sourceTree = "<group>"; };
		CC49F33B2A3B7D0F00EC065A /* MediaListViewModel.swift */ = {isa = PBXFileReference; lastKnownFileType = sourcecode.swift; path = MediaListViewModel.swift; sourceTree = "<group>"; };
		CC49F33D2A3B7D6200EC065A /* MediaListItemModel.swift */ = {isa = PBXFileReference; lastKnownFileType = sourcecode.swift; path = MediaListItemModel.swift; sourceTree = "<group>"; };
		CC49F33F2A3B7D8800EC065A /* MediaRowView.swift */ = {isa = PBXFileReference; lastKnownFileType = sourcecode.swift; path = MediaRowView.swift; sourceTree = "<group>"; };
		CC49F3422A3CDE9D00EC065A /* MediaDetailView.swift */ = {isa = PBXFileReference; lastKnownFileType = sourcecode.swift; path = MediaDetailView.swift; sourceTree = "<group>"; };
		CC49F3442A3CDEF400EC065A /* MediaDetailViewModel.swift */ = {isa = PBXFileReference; lastKnownFileType = sourcecode.swift; path = MediaDetailViewModel.swift; sourceTree = "<group>"; };
		CC49F3462A3CE13F00EC065A /* MediaItemModel.swift */ = {isa = PBXFileReference; lastKnownFileType = sourcecode.swift; path = MediaItemModel.swift; sourceTree = "<group>"; };
		CC5E8CDC2A3E28C600F97F71 /* OffsettableScrollView.swift */ = {isa = PBXFileReference; lastKnownFileType = sourcecode.swift; path = OffsettableScrollView.swift; sourceTree = "<group>"; };
		CC5E8CDE2A3E2DF700F97F71 /* View+ReadSize.swift */ = {isa = PBXFileReference; lastKnownFileType = sourcecode.swift; path = "View+ReadSize.swift"; sourceTree = "<group>"; };
		CC5E8CE02A3EEF9000F97F71 /* View+PreviewBackground.swift */ = {isa = PBXFileReference; lastKnownFileType = sourcecode.swift; path = "View+PreviewBackground.swift"; sourceTree = "<group>"; };
		CC5E8CE22A3EEFFE00F97F71 /* UINavigationController+SwipeGesture.swift */ = {isa = PBXFileReference; lastKnownFileType = sourcecode.swift; path = "UINavigationController+SwipeGesture.swift"; sourceTree = "<group>"; };
		CC5E8CE42A3F0EB200F97F71 /* MediaCardView.swift */ = {isa = PBXFileReference; lastKnownFileType = sourcecode.swift; path = MediaCardView.swift; sourceTree = "<group>"; };
		CC5E8CE62A3F0EDB00F97F71 /* ReviewCondensedView.swift */ = {isa = PBXFileReference; lastKnownFileType = sourcecode.swift; path = ReviewCondensedView.swift; sourceTree = "<group>"; };
		CC5E8CEA2A3F0F6100F97F71 /* ReviewListView.swift */ = {isa = PBXFileReference; lastKnownFileType = sourcecode.swift; path = ReviewListView.swift; sourceTree = "<group>"; };
		CC5E8CEC2A3F11AA00F97F71 /* ReviewDetailView.swift */ = {isa = PBXFileReference; lastKnownFileType = sourcecode.swift; path = ReviewDetailView.swift; sourceTree = "<group>"; };
		CC5E8CEE2A3F797700F97F71 /* Color+UIColor.swift */ = {isa = PBXFileReference; lastKnownFileType = sourcecode.swift; path = "Color+UIColor.swift"; sourceTree = "<group>"; };
		CC5E8CF12A40CC5100F97F71 /* RatingStarView.swift */ = {isa = PBXFileReference; lastKnownFileType = sourcecode.swift; path = RatingStarView.swift; sourceTree = "<group>"; };
		CC5E8CF32A40CEA200F97F71 /* RatingSmileyView.swift */ = {isa = PBXFileReference; lastKnownFileType = sourcecode.swift; path = RatingSmileyView.swift; sourceTree = "<group>"; };
		CCC34DBA2A3B75E800109341 /* AniiChan.app */ = {isa = PBXFileReference; explicitFileType = wrapper.application; includeInIndex = 0; path = AniiChan.app; sourceTree = BUILT_PRODUCTS_DIR; };
		CCC34DBD2A3B75E800109341 /* AniiChanApp.swift */ = {isa = PBXFileReference; lastKnownFileType = sourcecode.swift; path = AniiChanApp.swift; sourceTree = "<group>"; };
		CCC34DBF2A3B75E800109341 /* ContentView.swift */ = {isa = PBXFileReference; lastKnownFileType = sourcecode.swift; path = ContentView.swift; sourceTree = "<group>"; };
		CCC34DC12A3B75E900109341 /* Assets.xcassets */ = {isa = PBXFileReference; lastKnownFileType = folder.assetcatalog; path = Assets.xcassets; sourceTree = "<group>"; };
		CCC34DC32A3B75E900109341 /* AniiChan.entitlements */ = {isa = PBXFileReference; lastKnownFileType = text.plist.entitlements; path = AniiChan.entitlements; sourceTree = "<group>"; };
		CCC34DC52A3B75E900109341 /* Preview Assets.xcassets */ = {isa = PBXFileReference; lastKnownFileType = folder.assetcatalog; path = "Preview Assets.xcassets"; sourceTree = "<group>"; };
		CCC34DCB2A3B75E900109341 /* AniiChanTests.xctest */ = {isa = PBXFileReference; explicitFileType = wrapper.cfbundle; includeInIndex = 0; path = AniiChanTests.xctest; sourceTree = BUILT_PRODUCTS_DIR; };
		CCC34DCF2A3B75E900109341 /* AniiChanTests.swift */ = {isa = PBXFileReference; lastKnownFileType = sourcecode.swift; path = AniiChanTests.swift; sourceTree = "<group>"; };
		CCC34DD52A3B75E900109341 /* AniiChanUITests.xctest */ = {isa = PBXFileReference; explicitFileType = wrapper.cfbundle; includeInIndex = 0; path = AniiChanUITests.xctest; sourceTree = BUILT_PRODUCTS_DIR; };
		CCC34DD92A3B75E900109341 /* AniiChanUITests.swift */ = {isa = PBXFileReference; lastKnownFileType = sourcecode.swift; path = AniiChanUITests.swift; sourceTree = "<group>"; };
		CCC34DDB2A3B75E900109341 /* AniiChanUITestsLaunchTests.swift */ = {isa = PBXFileReference; lastKnownFileType = sourcecode.swift; path = AniiChanUITestsLaunchTests.swift; sourceTree = "<group>"; };
		CCD40F792A458F7800D24E65 /* ListEditorView.swift */ = {isa = PBXFileReference; lastKnownFileType = sourcecode.swift; path = ListEditorView.swift; sourceTree = "<group>"; };
		CCD40F7B2A45916400D24E65 /* MediaStateView.swift */ = {isa = PBXFileReference; lastKnownFileType = sourcecode.swift; path = MediaStateView.swift; sourceTree = "<group>"; };
		CCD40F7D2A45927000D24E65 /* MediaProgressView.swift */ = {isa = PBXFileReference; lastKnownFileType = sourcecode.swift; path = MediaProgressView.swift; sourceTree = "<group>"; };
/* End PBXFileReference section */

/* Begin PBXFrameworksBuildPhase section */
		CCC34DB72A3B75E800109341 /* Frameworks */ = {
			isa = PBXFrameworksBuildPhase;
			buildActionMask = 2147483647;
			files = (
				CCD40F812A45984600D24E65 /* YouTubePlayerKit in Frameworks */,
			);
			runOnlyForDeploymentPostprocessing = 0;
		};
		CCC34DC82A3B75E900109341 /* Frameworks */ = {
			isa = PBXFrameworksBuildPhase;
			buildActionMask = 2147483647;
			files = (
			);
			runOnlyForDeploymentPostprocessing = 0;
		};
		CCC34DD22A3B75E900109341 /* Frameworks */ = {
			isa = PBXFrameworksBuildPhase;
			buildActionMask = 2147483647;
			files = (
			);
			runOnlyForDeploymentPostprocessing = 0;
		};
/* End PBXFrameworksBuildPhase section */

/* Begin PBXGroup section */
		CC49F3332A3B7C9900EC065A /* Group */ = {
			isa = PBXGroup;
			children = (
				CC5E8CDB2A3E28B600F97F71 /* Helpers */,
				CC49F3342A3B7C9F00EC065A /* Components */,
				CC49F3362A3B7CAE00EC065A /* Models */,
				CC49F3352A3B7CA600EC065A /* Screens */,
			);
			path = Group;
			sourceTree = "<group>";
		};
		CC49F3342A3B7C9F00EC065A /* Components */ = {
			isa = PBXGroup;
			children = (
				CC5E8CF02A40CC3400F97F71 /* Ratings */,
				CC49F33F2A3B7D8800EC065A /* MediaRowView.swift */,
				CC5E8CE42A3F0EB200F97F71 /* MediaCardView.swift */,
				CC5E8CE62A3F0EDB00F97F71 /* ReviewCondensedView.swift */,
				CCD40F7B2A45916400D24E65 /* MediaStateView.swift */,
			);
			path = Components;
			sourceTree = "<group>";
		};
		CC49F3352A3B7CA600EC065A /* Screens */ = {
			isa = PBXGroup;
			children = (
				CCD40F782A458F6400D24E65 /* List Editor */,
				CC49F3412A3CDE8B00EC065A /* Media Detail */,
				CC49F3382A3B7CBD00EC065A /* Media List */,
				CC5E8CE92A3F0F4A00F97F71 /* Review Detail */,
				CC5E8CE82A3F0F3D00F97F71 /* Review List */,
			);
			path = Screens;
			sourceTree = "<group>";
		};
		CC49F3362A3B7CAE00EC065A /* Models */ = {
			isa = PBXGroup;
			children = (
				CC49F33D2A3B7D6200EC065A /* MediaListItemModel.swift */,
				CC49F3462A3CE13F00EC065A /* MediaItemModel.swift */,
			);
			path = Models;
			sourceTree = "<group>";
		};
		CC49F3382A3B7CBD00EC065A /* Media List */ = {
			isa = PBXGroup;
			children = (
				CC49F3392A3B7CDE00EC065A /* MediaListView.swift */,
				CC49F33B2A3B7D0F00EC065A /* MediaListViewModel.swift */,
			);
			path = "Media List";
			sourceTree = "<group>";
		};
		CC49F3412A3CDE8B00EC065A /* Media Detail */ = {
			isa = PBXGroup;
			children = (
				CC49F3422A3CDE9D00EC065A /* MediaDetailView.swift */,
				CC49F3442A3CDEF400EC065A /* MediaDetailViewModel.swift */,
			);
			path = "Media Detail";
			sourceTree = "<group>";
		};
		CC5E8CDB2A3E28B600F97F71 /* Helpers */ = {
			isa = PBXGroup;
			children = (
				CC5E8CDC2A3E28C600F97F71 /* OffsettableScrollView.swift */,
				CC5E8CDE2A3E2DF700F97F71 /* View+ReadSize.swift */,
				CC5E8CE02A3EEF9000F97F71 /* View+PreviewBackground.swift */,
				CC5E8CE22A3EEFFE00F97F71 /* UINavigationController+SwipeGesture.swift */,
				CC5E8CEE2A3F797700F97F71 /* Color+UIColor.swift */,
			);
			path = Helpers;
			sourceTree = "<group>";
		};
		CC5E8CE82A3F0F3D00F97F71 /* Review List */ = {
			isa = PBXGroup;
			children = (
				CC5E8CEA2A3F0F6100F97F71 /* ReviewListView.swift */,
			);
			path = "Review List";
			sourceTree = "<group>";
		};
		CC5E8CE92A3F0F4A00F97F71 /* Review Detail */ = {
			isa = PBXGroup;
			children = (
				CC5E8CEC2A3F11AA00F97F71 /* ReviewDetailView.swift */,
			);
			path = "Review Detail";
			sourceTree = "<group>";
		};
		CC5E8CF02A40CC3400F97F71 /* Ratings */ = {
			isa = PBXGroup;
			children = (
				CC5E8CF12A40CC5100F97F71 /* RatingStarView.swift */,
				CC5E8CF32A40CEA200F97F71 /* RatingSmileyView.swift */,
				CCD40F7D2A45927000D24E65 /* MediaProgressView.swift */,
			);
			path = Ratings;
			sourceTree = "<group>";
		};
		CCC34DB12A3B75E800109341 = {
			isa = PBXGroup;
			children = (
				CCC34DBC2A3B75E800109341 /* AniiChan */,
				CCC34DCE2A3B75E900109341 /* AniiChanTests */,
				CCC34DD82A3B75E900109341 /* AniiChanUITests */,
				CCC34DBB2A3B75E800109341 /* Products */,
			);
			sourceTree = "<group>";
		};
		CCC34DBB2A3B75E800109341 /* Products */ = {
			isa = PBXGroup;
			children = (
				CCC34DBA2A3B75E800109341 /* AniiChan.app */,
				CCC34DCB2A3B75E900109341 /* AniiChanTests.xctest */,
				CCC34DD52A3B75E900109341 /* AniiChanUITests.xctest */,
			);
			name = Products;
			sourceTree = "<group>";
		};
		CCC34DBC2A3B75E800109341 /* AniiChan */ = {
			isa = PBXGroup;
			children = (
				CC49F3332A3B7C9900EC065A /* Group */,
				CCC34DBD2A3B75E800109341 /* AniiChanApp.swift */,
				CCC34DBF2A3B75E800109341 /* ContentView.swift */,
				CCC34DC12A3B75E900109341 /* Assets.xcassets */,
				CCC34DC32A3B75E900109341 /* AniiChan.entitlements */,
				CCC34DC42A3B75E900109341 /* Preview Content */,
			);
			path = AniiChan;
			sourceTree = "<group>";
		};
		CCC34DC42A3B75E900109341 /* Preview Content */ = {
			isa = PBXGroup;
			children = (
				CCC34DC52A3B75E900109341 /* Preview Assets.xcassets */,
			);
			path = "Preview Content";
			sourceTree = "<group>";
		};
		CCC34DCE2A3B75E900109341 /* AniiChanTests */ = {
			isa = PBXGroup;
			children = (
				CCC34DCF2A3B75E900109341 /* AniiChanTests.swift */,
			);
			path = AniiChanTests;
			sourceTree = "<group>";
		};
		CCC34DD82A3B75E900109341 /* AniiChanUITests */ = {
			isa = PBXGroup;
			children = (
				CCC34DD92A3B75E900109341 /* AniiChanUITests.swift */,
				CCC34DDB2A3B75E900109341 /* AniiChanUITestsLaunchTests.swift */,
			);
			path = AniiChanUITests;
			sourceTree = "<group>";
		};
		CCD40F782A458F6400D24E65 /* List Editor */ = {
			isa = PBXGroup;
			children = (
				CCD40F792A458F7800D24E65 /* ListEditorView.swift */,
			);
			path = "List Editor";
			sourceTree = "<group>";
		};
/* End PBXGroup section */

/* Begin PBXNativeTarget section */
		CCC34DB92A3B75E800109341 /* AniiChan */ = {
			isa = PBXNativeTarget;
			buildConfigurationList = CCC34DDF2A3B75E900109341 /* Build configuration list for PBXNativeTarget "AniiChan" */;
			buildPhases = (
				CCC34DB62A3B75E800109341 /* Sources */,
				CCC34DB72A3B75E800109341 /* Frameworks */,
				CCC34DB82A3B75E800109341 /* Resources */,
			);
			buildRules = (
			);
			dependencies = (
			);
			name = AniiChan;
			packageProductDependencies = (
				CCD40F802A45984600D24E65 /* YouTubePlayerKit */,
			);
			productName = AniiChan;
			productReference = CCC34DBA2A3B75E800109341 /* AniiChan.app */;
			productType = "com.apple.product-type.application";
		};
		CCC34DCA2A3B75E900109341 /* AniiChanTests */ = {
			isa = PBXNativeTarget;
			buildConfigurationList = CCC34DE22A3B75E900109341 /* Build configuration list for PBXNativeTarget "AniiChanTests" */;
			buildPhases = (
				CCC34DC72A3B75E900109341 /* Sources */,
				CCC34DC82A3B75E900109341 /* Frameworks */,
				CCC34DC92A3B75E900109341 /* Resources */,
			);
			buildRules = (
			);
			dependencies = (
				CCC34DCD2A3B75E900109341 /* PBXTargetDependency */,
			);
			name = AniiChanTests;
			productName = AniiChanTests;
			productReference = CCC34DCB2A3B75E900109341 /* AniiChanTests.xctest */;
			productType = "com.apple.product-type.bundle.unit-test";
		};
		CCC34DD42A3B75E900109341 /* AniiChanUITests */ = {
			isa = PBXNativeTarget;
			buildConfigurationList = CCC34DE52A3B75E900109341 /* Build configuration list for PBXNativeTarget "AniiChanUITests" */;
			buildPhases = (
				CCC34DD12A3B75E900109341 /* Sources */,
				CCC34DD22A3B75E900109341 /* Frameworks */,
				CCC34DD32A3B75E900109341 /* Resources */,
			);
			buildRules = (
			);
			dependencies = (
				CCC34DD72A3B75E900109341 /* PBXTargetDependency */,
			);
			name = AniiChanUITests;
			productName = AniiChanUITests;
			productReference = CCC34DD52A3B75E900109341 /* AniiChanUITests.xctest */;
			productType = "com.apple.product-type.bundle.ui-testing";
		};
/* End PBXNativeTarget section */

/* Begin PBXProject section */
		CCC34DB22A3B75E800109341 /* Project object */ = {
			isa = PBXProject;
			attributes = {
				BuildIndependentTargetsInParallel = 1;
				LastSwiftUpdateCheck = 1420;
				LastUpgradeCheck = 1420;
				TargetAttributes = {
					CCC34DB92A3B75E800109341 = {
						CreatedOnToolsVersion = 14.2;
					};
					CCC34DCA2A3B75E900109341 = {
						CreatedOnToolsVersion = 14.2;
						TestTargetID = CCC34DB92A3B75E800109341;
					};
					CCC34DD42A3B75E900109341 = {
						CreatedOnToolsVersion = 14.2;
						TestTargetID = CCC34DB92A3B75E800109341;
					};
				};
			};
			buildConfigurationList = CCC34DB52A3B75E800109341 /* Build configuration list for PBXProject "AniiChan" */;
			compatibilityVersion = "Xcode 14.0";
			developmentRegion = en;
			hasScannedForEncodings = 0;
			knownRegions = (
				en,
				Base,
			);
			mainGroup = CCC34DB12A3B75E800109341;
			packageReferences = (
				CCD40F7F2A45984600D24E65 /* XCRemoteSwiftPackageReference "YouTubePlayerKit" */,
			);
			productRefGroup = CCC34DBB2A3B75E800109341 /* Products */;
			projectDirPath = "";
			projectRoot = "";
			targets = (
				CCC34DB92A3B75E800109341 /* AniiChan */,
				CCC34DCA2A3B75E900109341 /* AniiChanTests */,
				CCC34DD42A3B75E900109341 /* AniiChanUITests */,
			);
		};
/* End PBXProject section */

/* Begin PBXResourcesBuildPhase section */
		CCC34DB82A3B75E800109341 /* Resources */ = {
			isa = PBXResourcesBuildPhase;
			buildActionMask = 2147483647;
			files = (
				CCC34DC62A3B75E900109341 /* Preview Assets.xcassets in Resources */,
				CCC34DC22A3B75E900109341 /* Assets.xcassets in Resources */,
			);
			runOnlyForDeploymentPostprocessing = 0;
		};
		CCC34DC92A3B75E900109341 /* Resources */ = {
			isa = PBXResourcesBuildPhase;
			buildActionMask = 2147483647;
			files = (
			);
			runOnlyForDeploymentPostprocessing = 0;
		};
		CCC34DD32A3B75E900109341 /* Resources */ = {
			isa = PBXResourcesBuildPhase;
			buildActionMask = 2147483647;
			files = (
			);
			runOnlyForDeploymentPostprocessing = 0;
		};
/* End PBXResourcesBuildPhase section */

/* Begin PBXSourcesBuildPhase section */
		CCC34DB62A3B75E800109341 /* Sources */ = {
			isa = PBXSourcesBuildPhase;
			buildActionMask = 2147483647;
			files = (
				CC49F33A2A3B7CDE00EC065A /* MediaListView.swift in Sources */,
				CC5E8CED2A3F11AA00F97F71 /* ReviewDetailView.swift in Sources */,
				CCC34DC02A3B75E800109341 /* ContentView.swift in Sources */,
				CC49F33E2A3B7D6200EC065A /* MediaListItemModel.swift in Sources */,
				CC5E8CE52A3F0EB200F97F71 /* MediaCardView.swift in Sources */,
				CC5E8CEF2A3F797700F97F71 /* Color+UIColor.swift in Sources */,
				CC5E8CDD2A3E28C600F97F71 /* OffsettableScrollView.swift in Sources */,
				CC5E8CE72A3F0EDB00F97F71 /* ReviewCondensedView.swift in Sources */,
				CC5E8CF42A40CEA200F97F71 /* RatingSmileyView.swift in Sources */,
				CCC34DBE2A3B75E800109341 /* AniiChanApp.swift in Sources */,
				CC49F3452A3CDEF400EC065A /* MediaDetailViewModel.swift in Sources */,
				CCD40F7E2A45927000D24E65 /* MediaProgressView.swift in Sources */,
				CC5E8CEB2A3F0F6100F97F71 /* ReviewListView.swift in Sources */,
				CC49F33C2A3B7D0F00EC065A /* MediaListViewModel.swift in Sources */,
				CC5E8CE32A3EEFFE00F97F71 /* UINavigationController+SwipeGesture.swift in Sources */,
				CC49F3402A3B7D8800EC065A /* MediaRowView.swift in Sources */,
				CC5E8CF22A40CC5100F97F71 /* RatingStarView.swift in Sources */,
				CC5E8CDF2A3E2DF700F97F71 /* View+ReadSize.swift in Sources */,
				CC49F3472A3CE13F00EC065A /* MediaItemModel.swift in Sources */,
				CC49F3432A3CDE9D00EC065A /* MediaDetailView.swift in Sources */,
				CCD40F7C2A45916400D24E65 /* MediaStateView.swift in Sources */,
				CC5E8CE12A3EEF9000F97F71 /* View+PreviewBackground.swift in Sources */,
				CCD40F7A2A458F7800D24E65 /* ListEditorView.swift in Sources */,
			);
			runOnlyForDeploymentPostprocessing = 0;
		};
		CCC34DC72A3B75E900109341 /* Sources */ = {
			isa = PBXSourcesBuildPhase;
			buildActionMask = 2147483647;
			files = (
				CCC34DD02A3B75E900109341 /* AniiChanTests.swift in Sources */,
			);
			runOnlyForDeploymentPostprocessing = 0;
		};
		CCC34DD12A3B75E900109341 /* Sources */ = {
			isa = PBXSourcesBuildPhase;
			buildActionMask = 2147483647;
			files = (
				CCC34DDC2A3B75E900109341 /* AniiChanUITestsLaunchTests.swift in Sources */,
				CCC34DDA2A3B75E900109341 /* AniiChanUITests.swift in Sources */,
			);
			runOnlyForDeploymentPostprocessing = 0;
		};
/* End PBXSourcesBuildPhase section */

/* Begin PBXTargetDependency section */
		CCC34DCD2A3B75E900109341 /* PBXTargetDependency */ = {
			isa = PBXTargetDependency;
			target = CCC34DB92A3B75E800109341 /* AniiChan */;
			targetProxy = CCC34DCC2A3B75E900109341 /* PBXContainerItemProxy */;
		};
		CCC34DD72A3B75E900109341 /* PBXTargetDependency */ = {
			isa = PBXTargetDependency;
			target = CCC34DB92A3B75E800109341 /* AniiChan */;
			targetProxy = CCC34DD62A3B75E900109341 /* PBXContainerItemProxy */;
		};
/* End PBXTargetDependency section */

/* Begin XCBuildConfiguration section */
		CCC34DDD2A3B75E900109341 /* Debug */ = {
			isa = XCBuildConfiguration;
			buildSettings = {
				ALWAYS_SEARCH_USER_PATHS = NO;
				CLANG_ANALYZER_NONNULL = YES;
				CLANG_ANALYZER_NUMBER_OBJECT_CONVERSION = YES_AGGRESSIVE;
				CLANG_CXX_LANGUAGE_STANDARD = "gnu++20";
				CLANG_ENABLE_MODULES = YES;
				CLANG_ENABLE_OBJC_ARC = YES;
				CLANG_ENABLE_OBJC_WEAK = YES;
				CLANG_WARN_BLOCK_CAPTURE_AUTORELEASING = YES;
				CLANG_WARN_BOOL_CONVERSION = YES;
				CLANG_WARN_COMMA = YES;
				CLANG_WARN_CONSTANT_CONVERSION = YES;
				CLANG_WARN_DEPRECATED_OBJC_IMPLEMENTATIONS = YES;
				CLANG_WARN_DIRECT_OBJC_ISA_USAGE = YES_ERROR;
				CLANG_WARN_DOCUMENTATION_COMMENTS = YES;
				CLANG_WARN_EMPTY_BODY = YES;
				CLANG_WARN_ENUM_CONVERSION = YES;
				CLANG_WARN_INFINITE_RECURSION = YES;
				CLANG_WARN_INT_CONVERSION = YES;
				CLANG_WARN_NON_LITERAL_NULL_CONVERSION = YES;
				CLANG_WARN_OBJC_IMPLICIT_RETAIN_SELF = YES;
				CLANG_WARN_OBJC_LITERAL_CONVERSION = YES;
				CLANG_WARN_OBJC_ROOT_CLASS = YES_ERROR;
				CLANG_WARN_QUOTED_INCLUDE_IN_FRAMEWORK_HEADER = YES;
				CLANG_WARN_RANGE_LOOP_ANALYSIS = YES;
				CLANG_WARN_STRICT_PROTOTYPES = YES;
				CLANG_WARN_SUSPICIOUS_MOVE = YES;
				CLANG_WARN_UNGUARDED_AVAILABILITY = YES_AGGRESSIVE;
				CLANG_WARN_UNREACHABLE_CODE = YES;
				CLANG_WARN__DUPLICATE_METHOD_MATCH = YES;
				COPY_PHASE_STRIP = NO;
				DEBUG_INFORMATION_FORMAT = dwarf;
				ENABLE_STRICT_OBJC_MSGSEND = YES;
				ENABLE_TESTABILITY = YES;
				GCC_C_LANGUAGE_STANDARD = gnu11;
				GCC_DYNAMIC_NO_PIC = NO;
				GCC_NO_COMMON_BLOCKS = YES;
				GCC_OPTIMIZATION_LEVEL = 0;
				GCC_PREPROCESSOR_DEFINITIONS = (
					"DEBUG=1",
					"$(inherited)",
				);
				GCC_WARN_64_TO_32_BIT_CONVERSION = YES;
				GCC_WARN_ABOUT_RETURN_TYPE = YES_ERROR;
				GCC_WARN_UNDECLARED_SELECTOR = YES;
				GCC_WARN_UNINITIALIZED_AUTOS = YES_AGGRESSIVE;
				GCC_WARN_UNUSED_FUNCTION = YES;
				GCC_WARN_UNUSED_VARIABLE = YES;
				MTL_ENABLE_DEBUG_INFO = INCLUDE_SOURCE;
				MTL_FAST_MATH = YES;
				ONLY_ACTIVE_ARCH = YES;
				SWIFT_ACTIVE_COMPILATION_CONDITIONS = DEBUG;
				SWIFT_OPTIMIZATION_LEVEL = "-Onone";
			};
			name = Debug;
		};
		CCC34DDE2A3B75E900109341 /* Release */ = {
			isa = XCBuildConfiguration;
			buildSettings = {
				ALWAYS_SEARCH_USER_PATHS = NO;
				CLANG_ANALYZER_NONNULL = YES;
				CLANG_ANALYZER_NUMBER_OBJECT_CONVERSION = YES_AGGRESSIVE;
				CLANG_CXX_LANGUAGE_STANDARD = "gnu++20";
				CLANG_ENABLE_MODULES = YES;
				CLANG_ENABLE_OBJC_ARC = YES;
				CLANG_ENABLE_OBJC_WEAK = YES;
				CLANG_WARN_BLOCK_CAPTURE_AUTORELEASING = YES;
				CLANG_WARN_BOOL_CONVERSION = YES;
				CLANG_WARN_COMMA = YES;
				CLANG_WARN_CONSTANT_CONVERSION = YES;
				CLANG_WARN_DEPRECATED_OBJC_IMPLEMENTATIONS = YES;
				CLANG_WARN_DIRECT_OBJC_ISA_USAGE = YES_ERROR;
				CLANG_WARN_DOCUMENTATION_COMMENTS = YES;
				CLANG_WARN_EMPTY_BODY = YES;
				CLANG_WARN_ENUM_CONVERSION = YES;
				CLANG_WARN_INFINITE_RECURSION = YES;
				CLANG_WARN_INT_CONVERSION = YES;
				CLANG_WARN_NON_LITERAL_NULL_CONVERSION = YES;
				CLANG_WARN_OBJC_IMPLICIT_RETAIN_SELF = YES;
				CLANG_WARN_OBJC_LITERAL_CONVERSION = YES;
				CLANG_WARN_OBJC_ROOT_CLASS = YES_ERROR;
				CLANG_WARN_QUOTED_INCLUDE_IN_FRAMEWORK_HEADER = YES;
				CLANG_WARN_RANGE_LOOP_ANALYSIS = YES;
				CLANG_WARN_STRICT_PROTOTYPES = YES;
				CLANG_WARN_SUSPICIOUS_MOVE = YES;
				CLANG_WARN_UNGUARDED_AVAILABILITY = YES_AGGRESSIVE;
				CLANG_WARN_UNREACHABLE_CODE = YES;
				CLANG_WARN__DUPLICATE_METHOD_MATCH = YES;
				COPY_PHASE_STRIP = NO;
				DEBUG_INFORMATION_FORMAT = "dwarf-with-dsym";
				ENABLE_NS_ASSERTIONS = NO;
				ENABLE_STRICT_OBJC_MSGSEND = YES;
				GCC_C_LANGUAGE_STANDARD = gnu11;
				GCC_NO_COMMON_BLOCKS = YES;
				GCC_WARN_64_TO_32_BIT_CONVERSION = YES;
				GCC_WARN_ABOUT_RETURN_TYPE = YES_ERROR;
				GCC_WARN_UNDECLARED_SELECTOR = YES;
				GCC_WARN_UNINITIALIZED_AUTOS = YES_AGGRESSIVE;
				GCC_WARN_UNUSED_FUNCTION = YES;
				GCC_WARN_UNUSED_VARIABLE = YES;
				MTL_ENABLE_DEBUG_INFO = NO;
				MTL_FAST_MATH = YES;
				SWIFT_COMPILATION_MODE = wholemodule;
				SWIFT_OPTIMIZATION_LEVEL = "-O";
			};
			name = Release;
		};
		CCC34DE02A3B75E900109341 /* Debug */ = {
			isa = XCBuildConfiguration;
			buildSettings = {
				ASSETCATALOG_COMPILER_APPICON_NAME = AppIcon;
				ASSETCATALOG_COMPILER_GLOBAL_ACCENT_COLOR_NAME = AccentColor;
				CODE_SIGN_ENTITLEMENTS = AniiChan/AniiChan.entitlements;
				CODE_SIGN_STYLE = Automatic;
				CURRENT_PROJECT_VERSION = 1;
				DEVELOPMENT_ASSET_PATHS = "\"AniiChan/Preview Content\"";
				ENABLE_PREVIEWS = YES;
				GENERATE_INFOPLIST_FILE = YES;
				INFOPLIST_KEY_CFBundleDisplayName = "Anii-Chan";
				INFOPLIST_KEY_LSApplicationCategoryType = "public.app-category.utilities";
				"INFOPLIST_KEY_UIApplicationSceneManifest_Generation[sdk=iphoneos*]" = YES;
				"INFOPLIST_KEY_UIApplicationSceneManifest_Generation[sdk=iphonesimulator*]" = YES;
				"INFOPLIST_KEY_UIApplicationSupportsIndirectInputEvents[sdk=iphoneos*]" = YES;
				"INFOPLIST_KEY_UIApplicationSupportsIndirectInputEvents[sdk=iphonesimulator*]" = YES;
				"INFOPLIST_KEY_UILaunchScreen_Generation[sdk=iphoneos*]" = YES;
				"INFOPLIST_KEY_UILaunchScreen_Generation[sdk=iphonesimulator*]" = YES;
				"INFOPLIST_KEY_UIStatusBarStyle[sdk=iphoneos*]" = UIStatusBarStyleDefault;
				"INFOPLIST_KEY_UIStatusBarStyle[sdk=iphonesimulator*]" = UIStatusBarStyleDefault;
				INFOPLIST_KEY_UISupportedInterfaceOrientations_iPad = "UIInterfaceOrientationPortrait UIInterfaceOrientationPortraitUpsideDown UIInterfaceOrientationLandscapeLeft UIInterfaceOrientationLandscapeRight";
				INFOPLIST_KEY_UISupportedInterfaceOrientations_iPhone = "UIInterfaceOrientationPortrait UIInterfaceOrientationLandscapeLeft UIInterfaceOrientationLandscapeRight";
				IPHONEOS_DEPLOYMENT_TARGET = 16.2;
				LD_RUNPATH_SEARCH_PATHS = "@executable_path/Frameworks";
				"LD_RUNPATH_SEARCH_PATHS[sdk=macosx*]" = "@executable_path/../Frameworks";
				MACOSX_DEPLOYMENT_TARGET = 13.1;
				MARKETING_VERSION = 1.0;
				PRODUCT_BUNDLE_IDENTIFIER = joelsifres.AniiChan;
				PRODUCT_NAME = "$(TARGET_NAME)";
				SDKROOT = auto;
				SUPPORTED_PLATFORMS = "iphoneos iphonesimulator";
				SUPPORTS_MACCATALYST = NO;
				SUPPORTS_MAC_DESIGNED_FOR_IPHONE_IPAD = NO;
				SWIFT_EMIT_LOC_STRINGS = YES;
				SWIFT_VERSION = 5.0;
				TARGETED_DEVICE_FAMILY = 1;
			};
			name = Debug;
		};
		CCC34DE12A3B75E900109341 /* Release */ = {
			isa = XCBuildConfiguration;
			buildSettings = {
				ASSETCATALOG_COMPILER_APPICON_NAME = AppIcon;
				ASSETCATALOG_COMPILER_GLOBAL_ACCENT_COLOR_NAME = AccentColor;
				CODE_SIGN_ENTITLEMENTS = AniiChan/AniiChan.entitlements;
				CODE_SIGN_STYLE = Automatic;
				CURRENT_PROJECT_VERSION = 1;
				DEVELOPMENT_ASSET_PATHS = "\"AniiChan/Preview Content\"";
				ENABLE_PREVIEWS = YES;
				GENERATE_INFOPLIST_FILE = YES;
				INFOPLIST_KEY_CFBundleDisplayName = "Anii-Chan";
				INFOPLIST_KEY_LSApplicationCategoryType = "public.app-category.utilities";
				"INFOPLIST_KEY_UIApplicationSceneManifest_Generation[sdk=iphoneos*]" = YES;
				"INFOPLIST_KEY_UIApplicationSceneManifest_Generation[sdk=iphonesimulator*]" = YES;
				"INFOPLIST_KEY_UIApplicationSupportsIndirectInputEvents[sdk=iphoneos*]" = YES;
				"INFOPLIST_KEY_UIApplicationSupportsIndirectInputEvents[sdk=iphonesimulator*]" = YES;
				"INFOPLIST_KEY_UILaunchScreen_Generation[sdk=iphoneos*]" = YES;
				"INFOPLIST_KEY_UILaunchScreen_Generation[sdk=iphonesimulator*]" = YES;
				"INFOPLIST_KEY_UIStatusBarStyle[sdk=iphoneos*]" = UIStatusBarStyleDefault;
				"INFOPLIST_KEY_UIStatusBarStyle[sdk=iphonesimulator*]" = UIStatusBarStyleDefault;
				INFOPLIST_KEY_UISupportedInterfaceOrientations_iPad = "UIInterfaceOrientationPortrait UIInterfaceOrientationPortraitUpsideDown UIInterfaceOrientationLandscapeLeft UIInterfaceOrientationLandscapeRight";
				INFOPLIST_KEY_UISupportedInterfaceOrientations_iPhone = "UIInterfaceOrientationPortrait UIInterfaceOrientationLandscapeLeft UIInterfaceOrientationLandscapeRight";
				IPHONEOS_DEPLOYMENT_TARGET = 16.2;
				LD_RUNPATH_SEARCH_PATHS = "@executable_path/Frameworks";
				"LD_RUNPATH_SEARCH_PATHS[sdk=macosx*]" = "@executable_path/../Frameworks";
				MACOSX_DEPLOYMENT_TARGET = 13.1;
				MARKETING_VERSION = 1.0;
				PRODUCT_BUNDLE_IDENTIFIER = joelsifres.AniiChan;
				PRODUCT_NAME = "$(TARGET_NAME)";
				SDKROOT = auto;
				SUPPORTED_PLATFORMS = "iphoneos iphonesimulator";
				SUPPORTS_MACCATALYST = NO;
				SUPPORTS_MAC_DESIGNED_FOR_IPHONE_IPAD = NO;
				SWIFT_EMIT_LOC_STRINGS = YES;
				SWIFT_VERSION = 5.0;
				TARGETED_DEVICE_FAMILY = 1;
			};
			name = Release;
		};
		CCC34DE32A3B75E900109341 /* Debug */ = {
			isa = XCBuildConfiguration;
			buildSettings = {
				ALWAYS_EMBED_SWIFT_STANDARD_LIBRARIES = YES;
				BUNDLE_LOADER = "$(TEST_HOST)";
				CODE_SIGN_STYLE = Automatic;
				CURRENT_PROJECT_VERSION = 1;
				GENERATE_INFOPLIST_FILE = YES;
				IPHONEOS_DEPLOYMENT_TARGET = 16.2;
				MACOSX_DEPLOYMENT_TARGET = 13.1;
				MARKETING_VERSION = 1.0;
				PRODUCT_BUNDLE_IDENTIFIER = joelsifres.AniiChanTests;
				PRODUCT_NAME = "$(TARGET_NAME)";
				SDKROOT = auto;
				SUPPORTED_PLATFORMS = "iphoneos iphonesimulator macosx";
				SWIFT_EMIT_LOC_STRINGS = NO;
				SWIFT_VERSION = 5.0;
				TARGETED_DEVICE_FAMILY = "1,2";
				TEST_HOST = "$(BUILT_PRODUCTS_DIR)/AniiChan.app/$(BUNDLE_EXECUTABLE_FOLDER_PATH)/AniiChan";
			};
			name = Debug;
		};
		CCC34DE42A3B75E900109341 /* Release */ = {
			isa = XCBuildConfiguration;
			buildSettings = {
				ALWAYS_EMBED_SWIFT_STANDARD_LIBRARIES = YES;
				BUNDLE_LOADER = "$(TEST_HOST)";
				CODE_SIGN_STYLE = Automatic;
				CURRENT_PROJECT_VERSION = 1;
				GENERATE_INFOPLIST_FILE = YES;
				IPHONEOS_DEPLOYMENT_TARGET = 16.2;
				MACOSX_DEPLOYMENT_TARGET = 13.1;
				MARKETING_VERSION = 1.0;
				PRODUCT_BUNDLE_IDENTIFIER = joelsifres.AniiChanTests;
				PRODUCT_NAME = "$(TARGET_NAME)";
				SDKROOT = auto;
				SUPPORTED_PLATFORMS = "iphoneos iphonesimulator macosx";
				SWIFT_EMIT_LOC_STRINGS = NO;
				SWIFT_VERSION = 5.0;
				TARGETED_DEVICE_FAMILY = "1,2";
				TEST_HOST = "$(BUILT_PRODUCTS_DIR)/AniiChan.app/$(BUNDLE_EXECUTABLE_FOLDER_PATH)/AniiChan";
			};
			name = Release;
		};
		CCC34DE62A3B75E900109341 /* Debug */ = {
			isa = XCBuildConfiguration;
			buildSettings = {
				ALWAYS_EMBED_SWIFT_STANDARD_LIBRARIES = YES;
				CODE_SIGN_STYLE = Automatic;
				CURRENT_PROJECT_VERSION = 1;
				GENERATE_INFOPLIST_FILE = YES;
				IPHONEOS_DEPLOYMENT_TARGET = 16.2;
				MACOSX_DEPLOYMENT_TARGET = 13.1;
				MARKETING_VERSION = 1.0;
				PRODUCT_BUNDLE_IDENTIFIER = joelsifres.AniiChanUITests;
				PRODUCT_NAME = "$(TARGET_NAME)";
				SDKROOT = auto;
				SUPPORTED_PLATFORMS = "iphoneos iphonesimulator macosx";
				SWIFT_EMIT_LOC_STRINGS = NO;
				SWIFT_VERSION = 5.0;
				TARGETED_DEVICE_FAMILY = "1,2";
				TEST_TARGET_NAME = AniiChan;
			};
			name = Debug;
		};
		CCC34DE72A3B75E900109341 /* Release */ = {
			isa = XCBuildConfiguration;
			buildSettings = {
				ALWAYS_EMBED_SWIFT_STANDARD_LIBRARIES = YES;
				CODE_SIGN_STYLE = Automatic;
				CURRENT_PROJECT_VERSION = 1;
				GENERATE_INFOPLIST_FILE = YES;
				IPHONEOS_DEPLOYMENT_TARGET = 16.2;
				MACOSX_DEPLOYMENT_TARGET = 13.1;
				MARKETING_VERSION = 1.0;
				PRODUCT_BUNDLE_IDENTIFIER = joelsifres.AniiChanUITests;
				PRODUCT_NAME = "$(TARGET_NAME)";
				SDKROOT = auto;
				SUPPORTED_PLATFORMS = "iphoneos iphonesimulator macosx";
				SWIFT_EMIT_LOC_STRINGS = NO;
				SWIFT_VERSION = 5.0;
				TARGETED_DEVICE_FAMILY = "1,2";
				TEST_TARGET_NAME = AniiChan;
			};
			name = Release;
		};
/* End XCBuildConfiguration section */

/* Begin XCConfigurationList section */
		CCC34DB52A3B75E800109341 /* Build configuration list for PBXProject "AniiChan" */ = {
			isa = XCConfigurationList;
			buildConfigurations = (
				CCC34DDD2A3B75E900109341 /* Debug */,
				CCC34DDE2A3B75E900109341 /* Release */,
			);
			defaultConfigurationIsVisible = 0;
			defaultConfigurationName = Release;
		};
		CCC34DDF2A3B75E900109341 /* Build configuration list for PBXNativeTarget "AniiChan" */ = {
			isa = XCConfigurationList;
			buildConfigurations = (
				CCC34DE02A3B75E900109341 /* Debug */,
				CCC34DE12A3B75E900109341 /* Release */,
			);
			defaultConfigurationIsVisible = 0;
			defaultConfigurationName = Release;
		};
		CCC34DE22A3B75E900109341 /* Build configuration list for PBXNativeTarget "AniiChanTests" */ = {
			isa = XCConfigurationList;
			buildConfigurations = (
				CCC34DE32A3B75E900109341 /* Debug */,
				CCC34DE42A3B75E900109341 /* Release */,
			);
			defaultConfigurationIsVisible = 0;
			defaultConfigurationName = Release;
		};
		CCC34DE52A3B75E900109341 /* Build configuration list for PBXNativeTarget "AniiChanUITests" */ = {
			isa = XCConfigurationList;
			buildConfigurations = (
				CCC34DE62A3B75E900109341 /* Debug */,
				CCC34DE72A3B75E900109341 /* Release */,
			);
			defaultConfigurationIsVisible = 0;
			defaultConfigurationName = Release;
		};
/* End XCConfigurationList section */

/* Begin XCRemoteSwiftPackageReference section */
		CCD40F7F2A45984600D24E65 /* XCRemoteSwiftPackageReference "YouTubePlayerKit" */ = {
			isa = XCRemoteSwiftPackageReference;
			repositoryURL = "https://github.com/SvenTiigi/YouTubePlayerKit.git";
			requirement = {
				kind = upToNextMajorVersion;
				minimumVersion = 1.0.0;
			};
		};
/* End XCRemoteSwiftPackageReference section */

/* Begin XCSwiftPackageProductDependency section */
		CCD40F802A45984600D24E65 /* YouTubePlayerKit */ = {
			isa = XCSwiftPackageProductDependency;
			package = CCD40F7F2A45984600D24E65 /* XCRemoteSwiftPackageReference "YouTubePlayerKit" */;
			productName = YouTubePlayerKit;
		};
/* End XCSwiftPackageProductDependency section */
	};
	rootObject = CCC34DB22A3B75E800109341 /* Project object */;
}
